
Microsoft Visual Studio Solution File, Format Version 12.00
# Visual Studio Version 17
VisualStudioVersion = 17.5.33530.505
MinimumVisualStudioVersion = 10.0.40219.1
Project("{FAE04EC0-301F-11D3-BF4B-00C04F79EFBC}") = "讀取文字檔&抽取午餐店家", "讀取文字檔&抽取午餐店家.csproj", "{56540E6C-D6B9-45B0-8EEB-69388890CC75}"
EndProject
Global
	GlobalSection(SolutionConfigurationPlatforms) = preSolution
		Debug|Any CPU = Debug|Any CPU
		Release|Any CPU = Release|Any CPU
	EndGlobalSection
	GlobalSection(ProjectConfigurationPlatforms) = postSolution
		{56540E6C-D6B9-45B0-8EEB-69388890CC75}.Debug|Any CPU.ActiveCfg = Debug|Any CPU
		{56540E6C-D6B9-45B0-8EEB-69388890CC75}.Debug|Any CPU.Build.0 = Debug|Any CPU
		{56540E6C-D6B9-45B0-8EEB-69388890CC75}.Release|Any CPU.ActiveCfg = Release|Any CPU
		{56540E6C-D6B9-45B0-8EEB-69388890CC75}.Release|Any CPU.Build.0 = Release|Any CPU
	EndGlobalSection
	GlobalSection(SolutionProperties) = preSolution
		HideSolutionNode = FALSE
	EndGlobalSection
	GlobalSection(ExtensibilityGlobals) = postSolution
		SolutionGuid = {1B6EC456-DFF7-4925-B00A-71FD000AA8DA}
	EndGlobalSection
EndGlobal
