
Microsoft Visual Studio Solution File, Format Version 12.00
# Visual Studio Version 17
VisualStudioVersion = 17.5.33530.505
MinimumVisualStudioVersion = 10.0.40219.1
Project("{FAE04EC0-301F-11D3-BF4B-00C04F79EFBC}") = "抽值日生", "抽值日生.csproj", "{B267ACD3-E374-472E-A93D-200EEF3955D8}"
EndProject
Global
	GlobalSection(SolutionConfigurationPlatforms) = preSolution
		Debug|Any CPU = Debug|Any CPU
		Release|Any CPU = Release|Any CPU
	EndGlobalSection
	GlobalSection(ProjectConfigurationPlatforms) = postSolution
		{B267ACD3-E374-472E-A93D-200EEF3955D8}.Debug|Any CPU.ActiveCfg = Debug|Any CPU
		{B267ACD3-E374-472E-A93D-200EEF3955D8}.Debug|Any CPU.Build.0 = Debug|Any CPU
		{B267ACD3-E374-472E-A93D-200EEF3955D8}.Release|Any CPU.ActiveCfg = Release|Any CPU
		{B267ACD3-E374-472E-A93D-200EEF3955D8}.Release|Any CPU.Build.0 = Release|Any CPU
	EndGlobalSection
	GlobalSection(SolutionProperties) = preSolution
		HideSolutionNode = FALSE
	EndGlobalSection
	GlobalSection(ExtensibilityGlobals) = postSolution
		SolutionGuid = {EF2A4CD0-29AD-49BD-A041-FE634CAF52A5}
	EndGlobalSection
EndGlobal
